
Microsoft Visual Studio Solution File, Format Version 12.00
Project("{FAE04EC0-301F-11D3-BF4B-00C04F79EFBC}") = "RevTest2", "RevTest2\RevTest2.csproj", "{9813C479-7224-47AA-A1F0-CB968B3B55D0}"
EndProject
Global
	GlobalSection(SolutionConfigurationPlatforms) = preSolution
		Debug|Any CPU = Debug|Any CPU
		Release|Any CPU = Release|Any CPU
	EndGlobalSection
	GlobalSection(ProjectConfigurationPlatforms) = postSolution
		{9813C479-7224-47AA-A1F0-CB968B3B55D0}.Debug|Any CPU.ActiveCfg = Debug|Any CPU
		{9813C479-7224-47AA-A1F0-CB968B3B55D0}.Debug|Any CPU.Build.0 = Debug|Any CPU
		{9813C479-7224-47AA-A1F0-CB968B3B55D0}.Release|Any CPU.ActiveCfg = Release|Any CPU
		{9813C479-7224-47AA-A1F0-CB968B3B55D0}.Release|Any CPU.Build.0 = Release|Any CPU
	EndGlobalSection
EndGlobal
